// !$*UTF8*$!
{
	archiveVersion = 1;
	classes = {
	};
	objectVersion = 50;
	objects = {

/* Begin PBXBuildFile section */
		CD01CD5C232178AF002D0255 /* AppDelegate.swift in Sources */ = {isa = PBXBuildFile; fileRef = CD01CD5B232178AF002D0255 /* AppDelegate.swift */; };
		CD01CD5E232178AF002D0255 /* ViewController.swift in Sources */ = {isa = PBXBuildFile; fileRef = CD01CD5D232178AF002D0255 /* ViewController.swift */; };
		CD01CD61232178AF002D0255 /* Main.storyboard in Resources */ = {isa = PBXBuildFile; fileRef = CD01CD5F232178AF002D0255 /* Main.storyboard */; };
		CD01CD63232178B2002D0255 /* Assets.xcassets in Resources */ = {isa = PBXBuildFile; fileRef = CD01CD62232178B2002D0255 /* Assets.xcassets */; };
		CD01CD66232178B2002D0255 /* LaunchScreen.storyboard in Resources */ = {isa = PBXBuildFile; fileRef = CD01CD64232178B2002D0255 /* LaunchScreen.storyboard */; };
		CD01CD71232178B2002D0255 /* Pursuit_Core_iOS_Episodes_from_OnlineTests.swift in Sources */ = {isa = PBXBuildFile; fileRef = CD01CD70232178B2002D0255 /* Pursuit_Core_iOS_Episodes_from_OnlineTests.swift */; };
/* End PBXBuildFile section */

/* Begin PBXContainerItemProxy section */
		CD01CD6D232178B2002D0255 /* PBXContainerItemProxy */ = {
			isa = PBXContainerItemProxy;
			containerPortal = CD01CD50232178AF002D0255 /* Project object */;
			proxyType = 1;
			remoteGlobalIDString = CD01CD57232178AF002D0255;
			remoteInfo = "Pursuit-Core-iOS-Episodes-from-Online";
		};
/* End PBXContainerItemProxy section */

/* Begin PBXFileReference section */
		CD01CD58232178AF002D0255 /* Pursuit-Core-iOS-Episodes-from-Online.app */ = {isa = PBXFileReference; explicitFileType = wrapper.application; includeInIndex = 0; path = "Pursuit-Core-iOS-Episodes-from-Online.app"; sourceTree = BUILT_PRODUCTS_DIR; };
		CD01CD5B232178AF002D0255 /* AppDelegate.swift */ = {isa = PBXFileReference; lastKnownFileType = sourcecode.swift; path = AppDelegate.swift; sourceTree = "<group>"; };
		CD01CD5D232178AF002D0255 /* ViewController.swift */ = {isa = PBXFileReference; lastKnownFileType = sourcecode.swift; path = ViewController.swift; sourceTree = "<group>"; };
		CD01CD60232178AF002D0255 /* Base */ = {isa = PBXFileReference; lastKnownFileType = file.storyboard; name = Base; path = Base.lproj/Main.storyboard; sourceTree = "<group>"; };
		CD01CD62232178B2002D0255 /* Assets.xcassets */ = {isa = PBXFileReference; lastKnownFileType = folder.assetcatalog; path = Assets.xcassets; sourceTree = "<group>"; };
		CD01CD65232178B2002D0255 /* Base */ = {isa = PBXFileReference; lastKnownFileType = file.storyboard; name = Base; path = Base.lproj/LaunchScreen.storyboard; sourceTree = "<group>"; };
		CD01CD67232178B2002D0255 /* Info.plist */ = {isa = PBXFileReference; lastKnownFileType = text.plist.xml; path = Info.plist; sourceTree = "<group>"; };
		CD01CD6C232178B2002D0255 /* Pursuit-Core-iOS-Episodes-from-OnlineTests.xctest */ = {isa = PBXFileReference; explicitFileType = wrapper.cfbundle; includeInIndex = 0; path = "Pursuit-Core-iOS-Episodes-from-OnlineTests.xctest"; sourceTree = BUILT_PRODUCTS_DIR; };
		CD01CD70232178B2002D0255 /* Pursuit_Core_iOS_Episodes_from_OnlineTests.swift */ = {isa = PBXFileReference; lastKnownFileType = sourcecode.swift; path = Pursuit_Core_iOS_Episodes_from_OnlineTests.swift; sourceTree = "<group>"; };
		CD01CD72232178B2002D0255 /* Info.plist */ = {isa = PBXFileReference; lastKnownFileType = text.plist.xml; path = Info.plist; sourceTree = "<group>"; };
/* End PBXFileReference section */

/* Begin PBXFrameworksBuildPhase section */
		CD01CD55232178AF002D0255 /* Frameworks */ = {
			isa = PBXFrameworksBuildPhase;
			buildActionMask = 2147483647;
			files = (
			);
			runOnlyForDeploymentPostprocessing = 0;
		};
		CD01CD69232178B2002D0255 /* Frameworks */ = {
			isa = PBXFrameworksBuildPhase;
			buildActionMask = 2147483647;
			files = (
			);
			runOnlyForDeploymentPostprocessing = 0;
		};
/* End PBXFrameworksBuildPhase section */

/* Begin PBXGroup section */
		CD01CD4F232178AF002D0255 = {
			isa = PBXGroup;
			children = (
				CD01CD5A232178AF002D0255 /* Pursuit-Core-iOS-Episodes-from-Online */,
				CD01CD6F232178B2002D0255 /* Pursuit-Core-iOS-Episodes-from-OnlineTests */,
				CD01CD59232178AF002D0255 /* Products */,
			);
			sourceTree = "<group>";
		};
		CD01CD59232178AF002D0255 /* Products */ = {
			isa = PBXGroup;
			children = (
				CD01CD58232178AF002D0255 /* Pursuit-Core-iOS-Episodes-from-Online.app */,
				CD01CD6C232178B2002D0255 /* Pursuit-Core-iOS-Episodes-from-OnlineTests.xctest */,
			);
			name = Products;
			sourceTree = "<group>";
		};
		CD01CD5A232178AF002D0255 /* Pursuit-Core-iOS-Episodes-from-Online */ = {
			isa = PBXGroup;
			children = (
				CD01CD5B232178AF002D0255 /* AppDelegate.swift */,
				CD01CD5D232178AF002D0255 /* ViewController.swift */,
				CD01CD5F232178AF002D0255 /* Main.storyboard */,
				CD01CD62232178B2002D0255 /* Assets.xcassets */,
				CD01CD64232178B2002D0255 /* LaunchScreen.storyboard */,
				CD01CD67232178B2002D0255 /* Info.plist */,
			);
			path = "Pursuit-Core-iOS-Episodes-from-Online";
			sourceTree = "<group>";
		};
		CD01CD6F232178B2002D0255 /* Pursuit-Core-iOS-Episodes-from-OnlineTests */ = {
			isa = PBXGroup;
			children = (
				CD01CD70232178B2002D0255 /* Pursuit_Core_iOS_Episodes_from_OnlineTests.swift */,
				CD01CD72232178B2002D0255 /* Info.plist */,
			);
			path = "Pursuit-Core-iOS-Episodes-from-OnlineTests";
			sourceTree = "<group>";
		};
/* End PBXGroup section */

/* Begin PBXNativeTarget section */
		CD01CD57232178AF002D0255 /* Pursuit-Core-iOS-Episodes-from-Online */ = {
			isa = PBXNativeTarget;
			buildConfigurationList = CD01CD75232178B2002D0255 /* Build configuration list for PBXNativeTarget "Pursuit-Core-iOS-Episodes-from-Online" */;
			buildPhases = (
				CD01CD54232178AF002D0255 /* Sources */,
				CD01CD55232178AF002D0255 /* Frameworks */,
				CD01CD56232178AF002D0255 /* Resources */,
			);
			buildRules = (
			);
			dependencies = (
			);
			name = "Pursuit-Core-iOS-Episodes-from-Online";
			productName = "Pursuit-Core-iOS-Episodes-from-Online";
			productReference = CD01CD58232178AF002D0255 /* Pursuit-Core-iOS-Episodes-from-Online.app */;
			productType = "com.apple.product-type.application";
		};
		CD01CD6B232178B2002D0255 /* Pursuit-Core-iOS-Episodes-from-OnlineTests */ = {
			isa = PBXNativeTarget;
			buildConfigurationList = CD01CD78232178B2002D0255 /* Build configuration list for PBXNativeTarget "Pursuit-Core-iOS-Episodes-from-OnlineTests" */;
			buildPhases = (
				CD01CD68232178B2002D0255 /* Sources */,
				CD01CD69232178B2002D0255 /* Frameworks */,
				CD01CD6A232178B2002D0255 /* Resources */,
			);
			buildRules = (
			);
			dependencies = (
				CD01CD6E232178B2002D0255 /* PBXTargetDependency */,
			);
			name = "Pursuit-Core-iOS-Episodes-from-OnlineTests";
			productName = "Pursuit-Core-iOS-Episodes-from-OnlineTests";
			productReference = CD01CD6C232178B2002D0255 /* Pursuit-Core-iOS-Episodes-from-OnlineTests.xctest */;
			productType = "com.apple.product-type.bundle.unit-test";
		};
/* End PBXNativeTarget section */

/* Begin PBXProject section */
		CD01CD50232178AF002D0255 /* Project object */ = {
			isa = PBXProject;
			attributes = {
				LastSwiftUpdateCheck = 1020;
				LastUpgradeCheck = 1020;
				ORGANIZATIONNAME = "Benjamin Stone";
				TargetAttributes = {
					CD01CD57232178AF002D0255 = {
						CreatedOnToolsVersion = 10.2.1;
					};
					CD01CD6B232178B2002D0255 = {
						CreatedOnToolsVersion = 10.2.1;
						TestTargetID = CD01CD57232178AF002D0255;
					};
				};
			};
			buildConfigurationList = CD01CD53232178AF002D0255 /* Build configuration list for PBXProject "Pursuit-Core-iOS-Episodes-from-Online" */;
			compatibilityVersion = "Xcode 9.3";
			developmentRegion = en;
			hasScannedForEncodings = 0;
			knownRegions = (
				en,
				Base,
			);
			mainGroup = CD01CD4F232178AF002D0255;
			productRefGroup = CD01CD59232178AF002D0255 /* Products */;
			projectDirPath = "";
			projectRoot = "";
			targets = (
				CD01CD57232178AF002D0255 /* Pursuit-Core-iOS-Episodes-from-Online */,
				CD01CD6B232178B2002D0255 /* Pursuit-Core-iOS-Episodes-from-OnlineTests */,
			);
		};
/* End PBXProject section */

/* Begin PBXResourcesBuildPhase section */
		CD01CD56232178AF002D0255 /* Resources */ = {
			isa = PBXResourcesBuildPhase;
			buildActionMask = 2147483647;
			files = (
				CD01CD66232178B2002D0255 /* LaunchScreen.storyboard in Resources */,
				CD01CD63232178B2002D0255 /* Assets.xcassets in Resources */,
				CD01CD61232178AF002D0255 /* Main.storyboard in Resources */,
			);
			runOnlyForDeploymentPostprocessing = 0;
		};
		CD01CD6A232178B2002D0255 /* Resources */ = {
			isa = PBXResourcesBuildPhase;
			buildActionMask = 2147483647;
			files = (
			);
			runOnlyForDeploymentPostprocessing = 0;
		};
/* End PBXResourcesBuildPhase section */

/* Begin PBXSourcesBuildPhase section */
		CD01CD54232178AF002D0255 /* Sources */ = {
			isa = PBXSourcesBuildPhase;
			buildActionMask = 2147483647;
			files = (
				CD01CD5E232178AF002D0255 /* ViewController.swift in Sources */,
				CD01CD5C232178AF002D0255 /* AppDelegate.swift in Sources */,
			);
			runOnlyForDeploymentPostprocessing = 0;
		};
		CD01CD68232178B2002D0255 /* Sources */ = {
			isa = PBXSourcesBuildPhase;
			buildActionMask = 2147483647;
			files = (
				CD01CD71232178B2002D0255 /* Pursuit_Core_iOS_Episodes_from_OnlineTests.swift in Sources */,
			);
			runOnlyForDeploymentPostprocessing = 0;
		};
/* End PBXSourcesBuildPhase section */

/* Begin PBXTargetDependency section */
		CD01CD6E232178B2002D0255 /* PBXTargetDependency */ = {
			isa = PBXTargetDependency;
			target = CD01CD57232178AF002D0255 /* Pursuit-Core-iOS-Episodes-from-Online */;
			targetProxy = CD01CD6D232178B2002D0255 /* PBXContainerItemProxy */;
		};
/* End PBXTargetDependency section */

/* Begin PBXVariantGroup section */
		CD01CD5F232178AF002D0255 /* Main.storyboard */ = {
			isa = PBXVariantGroup;
			children = (
				CD01CD60232178AF002D0255 /* Base */,
			);
			name = Main.storyboard;
			sourceTree = "<group>";
		};
		CD01CD64232178B2002D0255 /* LaunchScreen.storyboard */ = {
			isa = PBXVariantGroup;
			children = (
				CD01CD65232178B2002D0255 /* Base */,
			);
			name = LaunchScreen.storyboard;
			sourceTree = "<group>";
		};
/* End PBXVariantGroup section */

/* Begin XCBuildConfiguration section */
		CD01CD73232178B2002D0255 /* Debug */ = {
			isa = XCBuildConfiguration;
			buildSettings = {
				ALWAYS_SEARCH_USER_PATHS = NO;
				CLANG_ANALYZER_NONNULL = YES;
				CLANG_ANALYZER_NUMBER_OBJECT_CONVERSION = YES_AGGRESSIVE;
				CLANG_CXX_LANGUAGE_STANDARD = "gnu++14";
				CLANG_CXX_LIBRARY = "libc++";
				CLANG_ENABLE_MODULES = YES;
				CLANG_ENABLE_OBJC_ARC = YES;
				CLANG_ENABLE_OBJC_WEAK = YES;
				CLANG_WARN_BLOCK_CAPTURE_AUTORELEASING = YES;
				CLANG_WARN_BOOL_CONVERSION = YES;
				CLANG_WARN_COMMA = YES;
				CLANG_WARN_CONSTANT_CONVERSION = YES;
				CLANG_WARN_DEPRECATED_OBJC_IMPLEMENTATIONS = YES;
				CLANG_WARN_DIRECT_OBJC_ISA_USAGE = YES_ERROR;
				CLANG_WARN_DOCUMENTATION_COMMENTS = YES;
				CLANG_WARN_EMPTY_BODY = YES;
				CLANG_WARN_ENUM_CONVERSION = YES;
				CLANG_WARN_INFINITE_RECURSION = YES;
				CLANG_WARN_INT_CONVERSION = YES;
				CLANG_WARN_NON_LITERAL_NULL_CONVERSION = YES;
				CLANG_WARN_OBJC_IMPLICIT_RETAIN_SELF = YES;
				CLANG_WARN_OBJC_LITERAL_CONVERSION = YES;
				CLANG_WARN_OBJC_ROOT_CLASS = YES_ERROR;
				CLANG_WARN_RANGE_LOOP_ANALYSIS = YES;
				CLANG_WARN_STRICT_PROTOTYPES = YES;
				CLANG_WARN_SUSPICIOUS_MOVE = YES;
				CLANG_WARN_UNGUARDED_AVAILABILITY = YES_AGGRESSIVE;
				CLANG_WARN_UNREACHABLE_CODE = YES;
				CLANG_WARN__DUPLICATE_METHOD_MATCH = YES;
				CODE_SIGN_IDENTITY = "iPhone Developer";
				COPY_PHASE_STRIP = NO;
				DEBUG_INFORMATION_FORMAT = dwarf;
				ENABLE_STRICT_OBJC_MSGSEND = YES;
				ENABLE_TESTABILITY = YES;
				GCC_C_LANGUAGE_STANDARD = gnu11;
				GCC_DYNAMIC_NO_PIC = NO;
				GCC_NO_COMMON_BLOCKS = YES;
				GCC_OPTIMIZATION_LEVEL = 0;
				GCC_PREPROCESSOR_DEFINITIONS = (
					"DEBUG=1",
					"$(inherited)",
				);
				GCC_WARN_64_TO_32_BIT_CONVERSION = YES;
				GCC_WARN_ABOUT_RETURN_TYPE = YES_ERROR;
				GCC_WARN_UNDECLARED_SELECTOR = YES;
				GCC_WARN_UNINITIALIZED_AUTOS = YES_AGGRESSIVE;
				GCC_WARN_UNUSED_FUNCTION = YES;
				GCC_WARN_UNUSED_VARIABLE = YES;
				IPHONEOS_DEPLOYMENT_TARGET = 12.2;
				MTL_ENABLE_DEBUG_INFO = INCLUDE_SOURCE;
				MTL_FAST_MATH = YES;
				ONLY_ACTIVE_ARCH = YES;
				SDKROOT = iphoneos;
				SWIFT_ACTIVE_COMPILATION_CONDITIONS = DEBUG;
				SWIFT_OPTIMIZATION_LEVEL = "-Onone";
			};
			name = Debug;
		};
		CD01CD74232178B2002D0255 /* Release */ = {
			isa = XCBuildConfiguration;
			buildSettings = {
				ALWAYS_SEARCH_USER_PATHS = NO;
				CLANG_ANALYZER_NONNULL = YES;
				CLANG_ANALYZER_NUMBER_OBJECT_CONVERSION = YES_AGGRESSIVE;
				CLANG_CXX_LANGUAGE_STANDARD = "gnu++14";
				CLANG_CXX_LIBRARY = "libc++";
				CLANG_ENABLE_MODULES = YES;
				CLANG_ENABLE_OBJC_ARC = YES;
				CLANG_ENABLE_OBJC_WEAK = YES;
				CLANG_WARN_BLOCK_CAPTURE_AUTORELEASING = YES;
				CLANG_WARN_BOOL_CONVERSION = YES;
				CLANG_WARN_COMMA = YES;
				CLANG_WARN_CONSTANT_CONVERSION = YES;
				CLANG_WARN_DEPRECATED_OBJC_IMPLEMENTATIONS = YES;
				CLANG_WARN_DIRECT_OBJC_ISA_USAGE = YES_ERROR;
				CLANG_WARN_DOCUMENTATION_COMMENTS = YES;
				CLANG_WARN_EMPTY_BODY = YES;
				CLANG_WARN_ENUM_CONVERSION = YES;
				CLANG_WARN_INFINITE_RECURSION = YES;
				CLANG_WARN_INT_CONVERSION = YES;
				CLANG_WARN_NON_LITERAL_NULL_CONVERSION = YES;
				CLANG_WARN_OBJC_IMPLICIT_RETAIN_SELF = YES;
				CLANG_WARN_OBJC_LITERAL_CONVERSION = YES;
				CLANG_WARN_OBJC_ROOT_CLASS = YES_ERROR;
				CLANG_WARN_RANGE_LOOP_ANALYSIS = YES;
				CLANG_WARN_STRICT_PROTOTYPES = YES;
				CLANG_WARN_SUSPICIOUS_MOVE = YES;
				CLANG_WARN_UNGUARDED_AVAILABILITY = YES_AGGRESSIVE;
				CLANG_WARN_UNREACHABLE_CODE = YES;
				CLANG_WARN__DUPLICATE_METHOD_MATCH = YES;
				CODE_SIGN_IDENTITY = "iPhone Developer";
				COPY_PHASE_STRIP = NO;
				DEBUG_INFORMATION_FORMAT = "dwarf-with-dsym";
				ENABLE_NS_ASSERTIONS = NO;
				ENABLE_STRICT_OBJC_MSGSEND = YES;
				GCC_C_LANGUAGE_STANDARD = gnu11;
				GCC_NO_COMMON_BLOCKS = YES;
				GCC_WARN_64_TO_32_BIT_CONVERSION = YES;
				GCC_WARN_ABOUT_RETURN_TYPE = YES_ERROR;
				GCC_WARN_UNDECLARED_SELECTOR = YES;
				GCC_WARN_UNINITIALIZED_AUTOS = YES_AGGRESSIVE;
				GCC_WARN_UNUSED_FUNCTION = YES;
				GCC_WARN_UNUSED_VARIABLE = YES;
				IPHONEOS_DEPLOYMENT_TARGET = 12.2;
				MTL_ENABLE_DEBUG_INFO = NO;
				MTL_FAST_MATH = YES;
				SDKROOT = iphoneos;
				SWIFT_COMPILATION_MODE = wholemodule;
				SWIFT_OPTIMIZATION_LEVEL = "-O";
				VALIDATE_PRODUCT = YES;
			};
			name = Release;
		};
		CD01CD76232178B2002D0255 /* Debug */ = {
			isa = XCBuildConfiguration;
			buildSettings = {
				ASSETCATALOG_COMPILER_APPICON_NAME = AppIcon;
				CODE_SIGN_STYLE = Automatic;
				INFOPLIST_FILE = "Pursuit-Core-iOS-Episodes-from-Online/Info.plist";
				LD_RUNPATH_SEARCH_PATHS = (
					"$(inherited)",
					"@executable_path/Frameworks",
				);
				PRODUCT_BUNDLE_IDENTIFIER = "pursuit.Pursuit-Core-iOS-Episodes-from-Online";
				PRODUCT_NAME = "$(TARGET_NAME)";
				SWIFT_VERSION = 5.0;
				TARGETED_DEVICE_FAMILY = "1,2";
			};
			name = Debug;
		};
		CD01CD77232178B2002D0255 /* Release */ = {
			isa = XCBuildConfiguration;
			buildSettings = {
				ASSETCATALOG_COMPILER_APPICON_NAME = AppIcon;
				CODE_SIGN_STYLE = Automatic;
				INFOPLIST_FILE = "Pursuit-Core-iOS-Episodes-from-Online/Info.plist";
				LD_RUNPATH_SEARCH_PATHS = (
					"$(inherited)",
					"@executable_path/Frameworks",
				);
				PRODUCT_BUNDLE_IDENTIFIER = "pursuit.Pursuit-Core-iOS-Episodes-from-Online";
				PRODUCT_NAME = "$(TARGET_NAME)";
				SWIFT_VERSION = 5.0;
				TARGETED_DEVICE_FAMILY = "1,2";
			};
			name = Release;
		};
		CD01CD79232178B2002D0255 /* Debug */ = {
			isa = XCBuildConfiguration;
			buildSettings = {
				ALWAYS_EMBED_SWIFT_STANDARD_LIBRARIES = YES;
				BUNDLE_LOADER = "$(TEST_HOST)";
				CODE_SIGN_STYLE = Automatic;
				INFOPLIST_FILE = "Pursuit-Core-iOS-Episodes-from-OnlineTests/Info.plist";
				LD_RUNPATH_SEARCH_PATHS = (
					"$(inherited)",
					"@executable_path/Frameworks",
					"@loader_path/Frameworks",
				);
				PRODUCT_BUNDLE_IDENTIFIER = "pursuit.Pursuit-Core-iOS-Episodes-from-OnlineTests";
				PRODUCT_NAME = "$(TARGET_NAME)";
				SWIFT_VERSION = 5.0;
				TARGETED_DEVICE_FAMILY = "1,2";
				TEST_HOST = "$(BUILT_PRODUCTS_DIR)/Pursuit-Core-iOS-Episodes-from-Online.app/Pursuit-Core-iOS-Episodes-from-Online";
			};
			name = Debug;
		};
		CD01CD7A232178B2002D0255 /* Release */ = {
			isa = XCBuildConfiguration;
			buildSettings = {
				ALWAYS_EMBED_SWIFT_STANDARD_LIBRARIES = YES;
				BUNDLE_LOADER = "$(TEST_HOST)";
				CODE_SIGN_STYLE = Automatic;
				INFOPLIST_FILE = "Pursuit-Core-iOS-Episodes-from-OnlineTests/Info.plist";
				LD_RUNPATH_SEARCH_PATHS = (
					"$(inherited)",
					"@executable_path/Frameworks",
					"@loader_path/Frameworks",
				);
				PRODUCT_BUNDLE_IDENTIFIER = "pursuit.Pursuit-Core-iOS-Episodes-from-OnlineTests";
				PRODUCT_NAME = "$(TARGET_NAME)";
				SWIFT_VERSION = 5.0;
				TARGETED_DEVICE_FAMILY = "1,2";
				TEST_HOST = "$(BUILT_PRODUCTS_DIR)/Pursuit-Core-iOS-Episodes-from-Online.app/Pursuit-Core-iOS-Episodes-from-Online";
			};
			name = Release;
		};
/* End XCBuildConfiguration section */

/* Begin XCConfigurationList section */
		CD01CD53232178AF002D0255 /* Build configuration list for PBXProject "Pursuit-Core-iOS-Episodes-from-Online" */ = {
			isa = XCConfigurationList;
			buildConfigurations = (
				CD01CD73232178B2002D0255 /* Debug */,
				CD01CD74232178B2002D0255 /* Release */,
			);
			defaultConfigurationIsVisible = 0;
			defaultConfigurationName = Release;
		};
		CD01CD75232178B2002D0255 /* Build configuration list for PBXNativeTarget "Pursuit-Core-iOS-Episodes-from-Online" */ = {
			isa = XCConfigurationList;
			buildConfigurations = (
				CD01CD76232178B2002D0255 /* Debug */,
				CD01CD77232178B2002D0255 /* Release */,
			);
			defaultConfigurationIsVisible = 0;
			defaultConfigurationName = Release;
		};
		CD01CD78232178B2002D0255 /* Build configuration list for PBXNativeTarget "Pursuit-Core-iOS-Episodes-from-OnlineTests" */ = {
			isa = XCConfigurationList;
			buildConfigurations = (
				CD01CD79232178B2002D0255 /* Debug */,
				CD01CD7A232178B2002D0255 /* Release */,
			);
			defaultConfigurationIsVisible = 0;
			defaultConfigurationName = Release;
		};
/* End XCConfigurationList section */
	};
	rootObject = CD01CD50232178AF002D0255 /* Project object */;
}
